
Microsoft Visual Studio Solution File, Format Version 12.00
# Visual Studio Version 16
VisualStudioVersion = 16.0.31911.196
MinimumVisualStudioVersion = 10.0.40219.1
Project("{FAE04EC0-301F-11D3-BF4B-00C04F79EFBC}") = "studentInfo", "studentInfo\studentInfo.csproj", "{C79B0B56-DBF2-426A-96C1-D1BE15DCF352}"
EndProject
Global
	GlobalSection(SolutionConfigurationPlatforms) = preSolution
		Debug|Any CPU = Debug|Any CPU
		Release|Any CPU = Release|Any CPU
	EndGlobalSection
	GlobalSection(ProjectConfigurationPlatforms) = postSolution
		{C79B0B56-DBF2-426A-96C1-D1BE15DCF352}.Debug|Any CPU.ActiveCfg = Debug|Any CPU
		{C79B0B56-DBF2-426A-96C1-D1BE15DCF352}.Debug|Any CPU.Build.0 = Debug|Any CPU
		{C79B0B56-DBF2-426A-96C1-D1BE15DCF352}.Release|Any CPU.ActiveCfg = Release|Any CPU
		{C79B0B56-DBF2-426A-96C1-D1BE15DCF352}.Release|Any CPU.Build.0 = Release|Any CPU
	EndGlobalSection
	GlobalSection(SolutionProperties) = preSolution
		HideSolutionNode = FALSE
	EndGlobalSection
	GlobalSection(ExtensibilityGlobals) = postSolution
		SolutionGuid = {B8C25E81-8DE1-434F-887D-190CE201EDD7}
	EndGlobalSection
EndGlobal
