
Microsoft Visual Studio Solution File, Format Version 12.00
# Visual Studio Version 16
VisualStudioVersion = 16.0.31911.196
MinimumVisualStudioVersion = 10.0.40219.1
Project("{FAE04EC0-301F-11D3-BF4B-00C04F79EFBC}") = "minimum indeks", "minimum indeks\minimum indeks.csproj", "{AC063D96-608A-41A2-BDE7-646F3858130A}"
EndProject
Global
	GlobalSection(SolutionConfigurationPlatforms) = preSolution
		Debug|Any CPU = Debug|Any CPU
		Release|Any CPU = Release|Any CPU
	EndGlobalSection
	GlobalSection(ProjectConfigurationPlatforms) = postSolution
		{AC063D96-608A-41A2-BDE7-646F3858130A}.Debug|Any CPU.ActiveCfg = Debug|Any CPU
		{AC063D96-608A-41A2-BDE7-646F3858130A}.Debug|Any CPU.Build.0 = Debug|Any CPU
		{AC063D96-608A-41A2-BDE7-646F3858130A}.Release|Any CPU.ActiveCfg = Release|Any CPU
		{AC063D96-608A-41A2-BDE7-646F3858130A}.Release|Any CPU.Build.0 = Release|Any CPU
	EndGlobalSection
	GlobalSection(SolutionProperties) = preSolution
		HideSolutionNode = FALSE
	EndGlobalSection
	GlobalSection(ExtensibilityGlobals) = postSolution
		SolutionGuid = {F1584782-711C-4E81-BAF2-6A4B43031109}
	EndGlobalSection
EndGlobal
