
Microsoft Visual Studio Solution File, Format Version 12.00
# Visual Studio Version 16
VisualStudioVersion = 16.0.31911.196
MinimumVisualStudioVersion = 10.0.40219.1
Project("{FAE04EC0-301F-11D3-BF4B-00C04F79EFBC}") = "the nin sayi", "the nin sayi\the nin sayi.csproj", "{65403918-8ADB-47AD-A765-11FE9C540D79}"
EndProject
Global
	GlobalSection(SolutionConfigurationPlatforms) = preSolution
		Debug|Any CPU = Debug|Any CPU
		Release|Any CPU = Release|Any CPU
	EndGlobalSection
	GlobalSection(ProjectConfigurationPlatforms) = postSolution
		{65403918-8ADB-47AD-A765-11FE9C540D79}.Debug|Any CPU.ActiveCfg = Debug|Any CPU
		{65403918-8ADB-47AD-A765-11FE9C540D79}.Debug|Any CPU.Build.0 = Debug|Any CPU
		{65403918-8ADB-47AD-A765-11FE9C540D79}.Release|Any CPU.ActiveCfg = Release|Any CPU
		{65403918-8ADB-47AD-A765-11FE9C540D79}.Release|Any CPU.Build.0 = Release|Any CPU
	EndGlobalSection
	GlobalSection(SolutionProperties) = preSolution
		HideSolutionNode = FALSE
	EndGlobalSection
	GlobalSection(ExtensibilityGlobals) = postSolution
		SolutionGuid = {DEC1C2FE-34AB-40C5-8C4B-4093A2C235A2}
	EndGlobalSection
EndGlobal
